
Microsoft Visual Studio Solution File, Format Version 12.00
# Visual Studio Version 17
VisualStudioVersion = 17.2.32616.157
MinimumVisualStudioVersion = 10.0.40219.1
Project("{888888A0-9F3D-457C-B088-3A5042F75D52}") = "FirstCV", "FirstCV\FirstCV.pyproj", "{F8BB59BF-1083-4346-B523-159550854FC8}"
EndProject
Global
	GlobalSection(SolutionConfigurationPlatforms) = preSolution
		Debug|Any CPU = Debug|Any CPU
		Release|Any CPU = Release|Any CPU
	EndGlobalSection
	GlobalSection(ProjectConfigurationPlatforms) = postSolution
		{F8BB59BF-1083-4346-B523-159550854FC8}.Debug|Any CPU.ActiveCfg = Debug|Any CPU
		{F8BB59BF-1083-4346-B523-159550854FC8}.Release|Any CPU.ActiveCfg = Release|Any CPU
	EndGlobalSection
	GlobalSection(SolutionProperties) = preSolution
		HideSolutionNode = FALSE
	EndGlobalSection
	GlobalSection(ExtensibilityGlobals) = postSolution
		SolutionGuid = {48BC4BE1-F262-4D2E-A085-14FE58439D8B}
	EndGlobalSection
EndGlobal
